
Microsoft Visual Studio Solution File, Format Version 12.00
# Visual Studio Version 16
VisualStudioVersion = 16.0.30907.101
MinimumVisualStudioVersion = 10.0.40219.1
Project("{FAE04EC0-301F-11D3-BF4B-00C04F79EFBC}") = "CheckoutKataTests", "CheckoutKataTests.csproj", "{55DD977B-1451-48BD-ADFB-9F26DCCD3833}"
EndProject
Global
	GlobalSection(SolutionConfigurationPlatforms) = preSolution
		Debug|Any CPU = Debug|Any CPU
		Release|Any CPU = Release|Any CPU
	EndGlobalSection
	GlobalSection(ProjectConfigurationPlatforms) = postSolution
		{55DD977B-1451-48BD-ADFB-9F26DCCD3833}.Debug|Any CPU.ActiveCfg = Debug|Any CPU
		{55DD977B-1451-48BD-ADFB-9F26DCCD3833}.Debug|Any CPU.Build.0 = Debug|Any CPU
		{55DD977B-1451-48BD-ADFB-9F26DCCD3833}.Release|Any CPU.ActiveCfg = Release|Any CPU
		{55DD977B-1451-48BD-ADFB-9F26DCCD3833}.Release|Any CPU.Build.0 = Release|Any CPU
	EndGlobalSection
	GlobalSection(SolutionProperties) = preSolution
		HideSolutionNode = FALSE
	EndGlobalSection
	GlobalSection(ExtensibilityGlobals) = postSolution
		SolutionGuid = {22C6BD4A-2EE3-4D63-9CB3-E4F8D731D485}
	EndGlobalSection
EndGlobal
